
Microsoft Visual Studio Solution File, Format Version 12.00
# Visual Studio Version 16
VisualStudioVersion = 16.0.31005.135
MinimumVisualStudioVersion = 10.0.40219.1
Project("{FAE04EC0-301F-11D3-BF4B-00C04F79EFBC}") = "FastFoodSystem", "FastFoodSystem\FastFoodSystem.csproj", "{05F12DC1-7775-4518-8C62-C62D29497E59}"
EndProject
Global
	GlobalSection(SolutionConfigurationPlatforms) = preSolution
		Debug|Any CPU = Debug|Any CPU
		Release|Any CPU = Release|Any CPU
	EndGlobalSection
	GlobalSection(ProjectConfigurationPlatforms) = postSolution
		{05F12DC1-7775-4518-8C62-C62D29497E59}.Debug|Any CPU.ActiveCfg = Debug|Any CPU
		{05F12DC1-7775-4518-8C62-C62D29497E59}.Debug|Any CPU.Build.0 = Debug|Any CPU
		{05F12DC1-7775-4518-8C62-C62D29497E59}.Release|Any CPU.ActiveCfg = Release|Any CPU
		{05F12DC1-7775-4518-8C62-C62D29497E59}.Release|Any CPU.Build.0 = Release|Any CPU
	EndGlobalSection
	GlobalSection(SolutionProperties) = preSolution
		HideSolutionNode = FALSE
	EndGlobalSection
	GlobalSection(ExtensibilityGlobals) = postSolution
		SolutionGuid = {A9819627-E424-406E-AA9E-03859D338089}
	EndGlobalSection
EndGlobal
